Microsoft Visual Studio Solution File, Format Version 12.00
# Visual Studio Version 17
VisualStudioVersion = 17.0.31611.283
MinimumVisualStudioVersion = 10.0.40219.1
Project("{9A19103F-16F7-4668-BE54-9A1E7A4F7556}") = "RecipeGenerator.RazorPages", "RecipeGenerator.RazorPages\RecipeGenerator.RazorPages.csproj", "{96306632-1D4E-4289-9EC8-08B5DB03DFFF}"
EndProject
Project("{9A19103F-16F7-4668-BE54-9A1E7A4F7556}") = "RecipeGenerator.API", "RecipeGenerator.API\RecipeGenerator.API.csproj", "{062C1824-DE85-4127-BEBF-0EFC2D96E05C}"
EndProject
Project("{FAE04EC0-301F-11D3-BF4B-00C04F79EFBC}") = "RecipeGenerator.App", "RecipeGenerator.App\RecipeGenerator.App.csproj", "{76AEA5FC-3C10-412D-81DD-39902361E4E6}"
EndProject
Global
	GlobalSection(SolutionConfigurationPlatforms) = preSolution
		Debug|Any CPU = Debug|Any CPU
		Release|Any CPU = Release|Any CPU
	EndGlobalSection
	GlobalSection(ProjectConfigurationPlatforms) = postSolution
		{96306632-1D4E-4289-9EC8-08B5DB03DFFF}.Debug|Any CPU.ActiveCfg = Debug|Any CPU
		{96306632-1D4E-4289-9EC8-08B5DB03DFFF}.Debug|Any CPU.Build.0 = Debug|Any CPU
		{96306632-1D4E-4289-9EC8-08B5DB03DFFF}.Release|Any CPU.ActiveCfg = Release|Any CPU
		{96306632-1D4E-4289-9EC8-08B5DB03DFFF}.Release|Any CPU.Build.0 = Release|Any CPU
		{062C1824-DE85-4127-BEBF-0EFC2D96E05C}.Debug|Any CPU.ActiveCfg = Debug|Any CPU
		{062C1824-DE85-4127-BEBF-0EFC2D96E05C}.Debug|Any CPU.Build.0 = Debug|Any CPU
		{062C1824-DE85-4127-BEBF-0EFC2D96E05C}.Release|Any CPU.ActiveCfg = Release|Any CPU
		{062C1824-DE85-4127-BEBF-0EFC2D96E05C}.Release|Any CPU.Build.0 = Release|Any CPU
		{76AEA5FC-3C10-412D-81DD-39902361E4E6}.Debug|Any CPU.ActiveCfg = Debug|Any CPU
		{76AEA5FC-3C10-412D-81DD-39902361E4E6}.Debug|Any CPU.Build.0 = Debug|Any CPU
		{76AEA5FC-3C10-412D-81DD-39902361E4E6}.Debug|Any CPU.Deploy.0 = Debug|Any CPU
		{76AEA5FC-3C10-412D-81DD-39902361E4E6}.Release|Any CPU.ActiveCfg = Release|Any CPU
		{76AEA5FC-3C10-412D-81DD-39902361E4E6}.Release|Any CPU.Build.0 = Release|Any CPU
		{76AEA5FC-3C10-412D-81DD-39902361E4E6}.Release|Any CPU.Deploy.0 = Release|Any CPU
	EndGlobalSection
	GlobalSection(SolutionProperties) = preSolution
		HideSolutionNode = FALSE
	EndGlobalSection
	GlobalSection(ExtensibilityGlobals) = postSolution
		SolutionGuid = {61F7FB11-1E47-470C-91E2-47F8143E1572}
	EndGlobalSection
EndGlobal
